
Microsoft Visual Studio Solution File, Format Version 12.00
# Visual Studio Version 17
VisualStudioVersion = 17.11.35208.52
MinimumVisualStudioVersion = 10.0.40219.1
Project("{FAE04EC0-301F-11D3-BF4B-00C04F79EFBC}") = "WindowsFormsApp5", "WindowsFormsApp5.csproj", "{30D1E9AB-1536-4A76-A748-288881963123}"
EndProject
Global
	GlobalSection(SolutionConfigurationPlatforms) = preSolution
		Debug|Any CPU = Debug|Any CPU
		Release|Any CPU = Release|Any CPU
	EndGlobalSection
	GlobalSection(ProjectConfigurationPlatforms) = postSolution
		{30D1E9AB-1536-4A76-A748-288881963123}.Debug|Any CPU.ActiveCfg = Debug|Any CPU
		{30D1E9AB-1536-4A76-A748-288881963123}.Debug|Any CPU.Build.0 = Debug|Any CPU
		{30D1E9AB-1536-4A76-A748-288881963123}.Release|Any CPU.ActiveCfg = Release|Any CPU
		{30D1E9AB-1536-4A76-A748-288881963123}.Release|Any CPU.Build.0 = Release|Any CPU
	EndGlobalSection
	GlobalSection(SolutionProperties) = preSolution
		HideSolutionNode = FALSE
	EndGlobalSection
	GlobalSection(ExtensibilityGlobals) = postSolution
		SolutionGuid = {14ED4B80-A887-4BAE-9E82-C0186A84D5B7}
	EndGlobalSection
EndGlobal
