
Microsoft Visual Studio Solution File, Format Version 12.00
# Visual Studio Version 17
VisualStudioVersion = 17.11.35208.52
MinimumVisualStudioVersion = 10.0.40219.1
Project("{FAE04EC0-301F-11D3-BF4B-00C04F79EFBC}") = "Sept_13_Quiz_Task", "Sept_13_Quiz_Task.csproj", "{2337DC83-788B-4DCE-B2E4-1372278BA1B7}"
EndProject
Project("{FAE04EC0-301F-11D3-BF4B-00C04F79EFBC}") = "Sept_13_Quiz_Task_Console_App", "..\Sept_13_Quiz_Task_Console_App\Sept_13_Quiz_Task_Console_App.csproj", "{BB6F2A56-89C4-4009-8D9B-593C6C1671D6}"
EndProject
Global
	GlobalSection(SolutionConfigurationPlatforms) = preSolution
		Debug|Any CPU = Debug|Any CPU
		Release|Any CPU = Release|Any CPU
	EndGlobalSection
	GlobalSection(ProjectConfigurationPlatforms) = postSolution
		{2337DC83-788B-4DCE-B2E4-1372278BA1B7}.Debug|Any CPU.ActiveCfg = Debug|Any CPU
		{2337DC83-788B-4DCE-B2E4-1372278BA1B7}.Debug|Any CPU.Build.0 = Debug|Any CPU
		{2337DC83-788B-4DCE-B2E4-1372278BA1B7}.Release|Any CPU.ActiveCfg = Release|Any CPU
		{2337DC83-788B-4DCE-B2E4-1372278BA1B7}.Release|Any CPU.Build.0 = Release|Any CPU
		{BB6F2A56-89C4-4009-8D9B-593C6C1671D6}.Debug|Any CPU.ActiveCfg = Debug|Any CPU
		{BB6F2A56-89C4-4009-8D9B-593C6C1671D6}.Debug|Any CPU.Build.0 = Debug|Any CPU
		{BB6F2A56-89C4-4009-8D9B-593C6C1671D6}.Release|Any CPU.ActiveCfg = Release|Any CPU
		{BB6F2A56-89C4-4009-8D9B-593C6C1671D6}.Release|Any CPU.Build.0 = Release|Any CPU
	EndGlobalSection
	GlobalSection(SolutionProperties) = preSolution
		HideSolutionNode = FALSE
	EndGlobalSection
	GlobalSection(ExtensibilityGlobals) = postSolution
		SolutionGuid = {775E124D-1A29-44CC-A1C3-55D602E35A73}
	EndGlobalSection
EndGlobal
