
Microsoft Visual Studio Solution File, Format Version 12.00
# Visual Studio Version 17
VisualStudioVersion = 17.11.35208.52
MinimumVisualStudioVersion = 10.0.40219.1
Project("{FAE04EC0-301F-11D3-BF4B-00C04F79EFBC}") = "Sept_27_tooltip", "Sept_27_tooltip.csproj", "{322A3313-98E4-4350-9292-970729A12D83}"
EndProject
Global
	GlobalSection(SolutionConfigurationPlatforms) = preSolution
		Debug|Any CPU = Debug|Any CPU
		Release|Any CPU = Release|Any CPU
	EndGlobalSection
	GlobalSection(ProjectConfigurationPlatforms) = postSolution
		{322A3313-98E4-4350-9292-970729A12D83}.Debug|Any CPU.ActiveCfg = Debug|Any CPU
		{322A3313-98E4-4350-9292-970729A12D83}.Debug|Any CPU.Build.0 = Debug|Any CPU
		{322A3313-98E4-4350-9292-970729A12D83}.Release|Any CPU.ActiveCfg = Release|Any CPU
		{322A3313-98E4-4350-9292-970729A12D83}.Release|Any CPU.Build.0 = Release|Any CPU
	EndGlobalSection
	GlobalSection(SolutionProperties) = preSolution
		HideSolutionNode = FALSE
	EndGlobalSection
	GlobalSection(ExtensibilityGlobals) = postSolution
		SolutionGuid = {0AA228AE-AF5B-4208-8D41-8D3CE0778D82}
	EndGlobalSection
EndGlobal
