
Microsoft Visual Studio Solution File, Format Version 12.00
# Visual Studio Version 17
VisualStudioVersion = 17.11.35208.52
MinimumVisualStudioVersion = 10.0.40219.1
Project("{FAE04EC0-301F-11D3-BF4B-00C04F79EFBC}") = "ConsoleApp2_Quiz", "ConsoleApp2_Quiz.csproj", "{F3B34491-1D68-48C3-B7EC-DF328AD3836C}"
EndProject
Global
	GlobalSection(SolutionConfigurationPlatforms) = preSolution
		Debug|Any CPU = Debug|Any CPU
		Release|Any CPU = Release|Any CPU
	EndGlobalSection
	GlobalSection(ProjectConfigurationPlatforms) = postSolution
		{F3B34491-1D68-48C3-B7EC-DF328AD3836C}.Debug|Any CPU.ActiveCfg = Debug|Any CPU
		{F3B34491-1D68-48C3-B7EC-DF328AD3836C}.Debug|Any CPU.Build.0 = Debug|Any CPU
		{F3B34491-1D68-48C3-B7EC-DF328AD3836C}.Release|Any CPU.ActiveCfg = Release|Any CPU
		{F3B34491-1D68-48C3-B7EC-DF328AD3836C}.Release|Any CPU.Build.0 = Release|Any CPU
	EndGlobalSection
	GlobalSection(SolutionProperties) = preSolution
		HideSolutionNode = FALSE
	EndGlobalSection
	GlobalSection(ExtensibilityGlobals) = postSolution
		SolutionGuid = {D6396C18-F3C3-4692-AB86-7DCA4A1710E5}
	EndGlobalSection
EndGlobal
